
Microsoft Visual Studio Solution File, Format Version 12.00
# Visual Studio Version 16
VisualStudioVersion = 16.0.31515.178
MinimumVisualStudioVersion = 10.0.40219.1
Project("{FAE04EC0-301F-11D3-BF4B-00C04F79EFBC}") = "CartAPI", "CartAPI.csproj", "{69D687D8-91A9-4763-ACBF-DB9B92A86261}"
EndProject
Global
	GlobalSection(SolutionConfigurationPlatforms) = preSolution
		Debug|Any CPU = Debug|Any CPU
		Release|Any CPU = Release|Any CPU
	EndGlobalSection
	GlobalSection(ProjectConfigurationPlatforms) = postSolution
		{69D687D8-91A9-4763-ACBF-DB9B92A86261}.Debug|Any CPU.ActiveCfg = Debug|Any CPU
		{69D687D8-91A9-4763-ACBF-DB9B92A86261}.Debug|Any CPU.Build.0 = Debug|Any CPU
		{69D687D8-91A9-4763-ACBF-DB9B92A86261}.Release|Any CPU.ActiveCfg = Release|Any CPU
		{69D687D8-91A9-4763-ACBF-DB9B92A86261}.Release|Any CPU.Build.0 = Release|Any CPU
	EndGlobalSection
	GlobalSection(SolutionProperties) = preSolution
		HideSolutionNode = FALSE
	EndGlobalSection
	GlobalSection(ExtensibilityGlobals) = postSolution
		SolutionGuid = {DB259098-EE12-4D8C-B13B-0C3B429F64F4}
	EndGlobalSection
EndGlobal
